
Microsoft Visual Studio Solution File, Format Version 12.00
# Visual Studio Version 17
VisualStudioVersion = 17.5.33414.496
MinimumVisualStudioVersion = 10.0.40219.1
Project("{FAE04EC0-301F-11D3-BF4B-00C04F79EFBC}") = "Stox", "Stox\Stox.csproj", "{A54DE4D8-419E-479F-8024-52BC8C578184}"
EndProject
Global
	GlobalSection(SolutionConfigurationPlatforms) = preSolution
		Debug|Any CPU = Debug|Any CPU
		Release|Any CPU = Release|Any CPU
	EndGlobalSection
	GlobalSection(ProjectConfigurationPlatforms) = postSolution
		{A54DE4D8-419E-479F-8024-52BC8C578184}.Debug|Any CPU.ActiveCfg = Debug|Any CPU
		{A54DE4D8-419E-479F-8024-52BC8C578184}.Debug|Any CPU.Build.0 = Debug|Any CPU
		{A54DE4D8-419E-479F-8024-52BC8C578184}.Release|Any CPU.ActiveCfg = Release|Any CPU
		{A54DE4D8-419E-479F-8024-52BC8C578184}.Release|Any CPU.Build.0 = Release|Any CPU
	EndGlobalSection
	GlobalSection(SolutionProperties) = preSolution
		HideSolutionNode = FALSE
	EndGlobalSection
	GlobalSection(ExtensibilityGlobals) = postSolution
		SolutionGuid = {CCFA77C6-ED58-4D88-BFDF-064B56F03B8A}
	EndGlobalSection
EndGlobal
